dependencies:
- name: argo-cd
  repository: https://argoproj.github.io/argo-helm
  version: 9.0.3
- name: argocd-image-updater
  repository: https://argoproj.github.io/argo-helm
  version: 0.12.1
digest: sha256:0096fd73d6c30311cd691133c17ce7bf1dab8f31029d458e3a4cb003364d442c
generated: "2025-10-22T15:55:23.221543+02:00"
